
Microsoft Visual Studio Solution File, Format Version 12.00
# Visual Studio Version 16
VisualStudioVersion = 16.0.31129.286
MinimumVisualStudioVersion = 10.0.40219.1
Project("{FAE04EC0-301F-11D3-BF4B-00C04F79EFBC}") = "yeshrmfromscratch", "yeshrmfromscratch\yeshrmfromscratch.csproj", "{A2C2542E-C733-4962-B011-0C2C4C126654}"
EndProject
Global
	GlobalSection(SolutionConfigurationPlatforms) = preSolution
		Debug|Any CPU = Debug|Any CPU
		Release|Any CPU = Release|Any CPU
	EndGlobalSection
	GlobalSection(ProjectConfigurationPlatforms) = postSolution
		{A2C2542E-C733-4962-B011-0C2C4C126654}.Debug|Any CPU.ActiveCfg = Debug|Any CPU
		{A2C2542E-C733-4962-B011-0C2C4C126654}.Debug|Any CPU.Build.0 = Debug|Any CPU
		{A2C2542E-C733-4962-B011-0C2C4C126654}.Release|Any CPU.ActiveCfg = Release|Any CPU
		{A2C2542E-C733-4962-B011-0C2C4C126654}.Release|Any CPU.Build.0 = Release|Any CPU
	EndGlobalSection
	GlobalSection(SolutionProperties) = preSolution
		HideSolutionNode = FALSE
	EndGlobalSection
	GlobalSection(ExtensibilityGlobals) = postSolution
		SolutionGuid = {328AD531-4D5C-4E0F-B740-23673CC60E9A}
	EndGlobalSection
EndGlobal
